
Microsoft Visual Studio Solution File, Format Version 12.00
Project("{FAE04EC0-301F-11D3-BF4B-00C04F79EFBC}") = "AOP", "AOP\AOP.csproj", "{C45752C5-E9B4-453C-BD46-25F5978C2E47}"
EndProject
Project("{2150E333-8FDC-42A3-9474-1A3956D46DE8}") = "Proxy", "Proxy", "{76C9384B-E6A2-4427-8632-172DE5A719E8}"
EndProject
Project("{FAE04EC0-301F-11D3-BF4B-00C04F79EFBC}") = "ProxyApp", "ProxyApp\ProxyApp.csproj", "{E29C4510-8758-4AF4-BC30-123EBBEA5CF7}"
EndProject
Project("{2150E333-8FDC-42A3-9474-1A3956D46DE8}") = "Basics", "Basics", "{E08CDE5C-9DB7-4510-AF19-44E68A8765D9}"
EndProject
Project("{FAE04EC0-301F-11D3-BF4B-00C04F79EFBC}") = "CastleDynamicProxyFirstApp", "CastleDynamicProxyFirstApp\CastleDynamicProxyFirstApp.csproj", "{53751185-0D2D-44DC-ACE6-47762978D4CB}"
EndProject
Project("{FAE04EC0-301F-11D3-BF4B-00C04F79EFBC}") = "InvocationApp", "InvocationApp\InvocationApp.csproj", "{58BF9F62-14A3-48E0-989C-36EF890FCF73}"
EndProject
Project("{FAE04EC0-301F-11D3-BF4B-00C04F79EFBC}") = "Entities", "Entities\Entities.csproj", "{CCF0BF1C-D8D3-4218-9F5F-B7704986593F}"
EndProject
Project("{FAE04EC0-301F-11D3-BF4B-00C04F79EFBC}") = "Core", "Core\Core.csproj", "{6824934F-981A-4B0B-A8CA-A5747C124702}"
EndProject
Global
	GlobalSection(SolutionConfigurationPlatforms) = preSolution
		Debug|Any CPU = Debug|Any CPU
		Release|Any CPU = Release|Any CPU
	EndGlobalSection
	GlobalSection(ProjectConfigurationPlatforms) = postSolution
		{C45752C5-E9B4-453C-BD46-25F5978C2E47}.Debug|Any CPU.ActiveCfg = Debug|Any CPU
		{C45752C5-E9B4-453C-BD46-25F5978C2E47}.Debug|Any CPU.Build.0 = Debug|Any CPU
		{C45752C5-E9B4-453C-BD46-25F5978C2E47}.Release|Any CPU.ActiveCfg = Release|Any CPU
		{C45752C5-E9B4-453C-BD46-25F5978C2E47}.Release|Any CPU.Build.0 = Release|Any CPU
		{E29C4510-8758-4AF4-BC30-123EBBEA5CF7}.Debug|Any CPU.ActiveCfg = Debug|Any CPU
		{E29C4510-8758-4AF4-BC30-123EBBEA5CF7}.Debug|Any CPU.Build.0 = Debug|Any CPU
		{E29C4510-8758-4AF4-BC30-123EBBEA5CF7}.Release|Any CPU.ActiveCfg = Release|Any CPU
		{E29C4510-8758-4AF4-BC30-123EBBEA5CF7}.Release|Any CPU.Build.0 = Release|Any CPU
		{53751185-0D2D-44DC-ACE6-47762978D4CB}.Debug|Any CPU.ActiveCfg = Debug|Any CPU
		{53751185-0D2D-44DC-ACE6-47762978D4CB}.Debug|Any CPU.Build.0 = Debug|Any CPU
		{53751185-0D2D-44DC-ACE6-47762978D4CB}.Release|Any CPU.ActiveCfg = Release|Any CPU
		{53751185-0D2D-44DC-ACE6-47762978D4CB}.Release|Any CPU.Build.0 = Release|Any CPU
		{58BF9F62-14A3-48E0-989C-36EF890FCF73}.Debug|Any CPU.ActiveCfg = Debug|Any CPU
		{58BF9F62-14A3-48E0-989C-36EF890FCF73}.Debug|Any CPU.Build.0 = Debug|Any CPU
		{58BF9F62-14A3-48E0-989C-36EF890FCF73}.Release|Any CPU.ActiveCfg = Release|Any CPU
		{58BF9F62-14A3-48E0-989C-36EF890FCF73}.Release|Any CPU.Build.0 = Release|Any CPU
		{CCF0BF1C-D8D3-4218-9F5F-B7704986593F}.Debug|Any CPU.ActiveCfg = Debug|Any CPU
		{CCF0BF1C-D8D3-4218-9F5F-B7704986593F}.Debug|Any CPU.Build.0 = Debug|Any CPU
		{CCF0BF1C-D8D3-4218-9F5F-B7704986593F}.Release|Any CPU.ActiveCfg = Release|Any CPU
		{CCF0BF1C-D8D3-4218-9F5F-B7704986593F}.Release|Any CPU.Build.0 = Release|Any CPU
		{6824934F-981A-4B0B-A8CA-A5747C124702}.Debug|Any CPU.ActiveCfg = Debug|Any CPU
		{6824934F-981A-4B0B-A8CA-A5747C124702}.Debug|Any CPU.Build.0 = Debug|Any CPU
		{6824934F-981A-4B0B-A8CA-A5747C124702}.Release|Any CPU.ActiveCfg = Release|Any CPU
		{6824934F-981A-4B0B-A8CA-A5747C124702}.Release|Any CPU.Build.0 = Release|Any CPU
	EndGlobalSection
	GlobalSection(NestedProjects) = preSolution
		{E29C4510-8758-4AF4-BC30-123EBBEA5CF7} = {76C9384B-E6A2-4427-8632-172DE5A719E8}
		{53751185-0D2D-44DC-ACE6-47762978D4CB} = {E08CDE5C-9DB7-4510-AF19-44E68A8765D9}
		{58BF9F62-14A3-48E0-989C-36EF890FCF73} = {E08CDE5C-9DB7-4510-AF19-44E68A8765D9}
		{CCF0BF1C-D8D3-4218-9F5F-B7704986593F} = {E08CDE5C-9DB7-4510-AF19-44E68A8765D9}
	EndGlobalSection
EndGlobal
